
Microsoft Visual Studio Solution File, Format Version 12.00
# Visual Studio Version 17
VisualStudioVersion = 17.3.32929.385
MinimumVisualStudioVersion = 10.0.40219.1
Project("{FAE04EC0-301F-11D3-BF4B-00C04F79EFBC}") = "Labb2-CodeFirst-LINQ", "Labb2-CodeFirst-LINQ\Labb2-CodeFirst-LINQ.csproj", "{07389989-F663-46A4-9BC7-62F11FF38182}"
EndProject
Global
	GlobalSection(SolutionConfigurationPlatforms) = preSolution
		Debug|Any CPU = Debug|Any CPU
		Release|Any CPU = Release|Any CPU
	EndGlobalSection
	GlobalSection(ProjectConfigurationPlatforms) = postSolution
		{07389989-F663-46A4-9BC7-62F11FF38182}.Debug|Any CPU.ActiveCfg = Debug|Any CPU
		{07389989-F663-46A4-9BC7-62F11FF38182}.Debug|Any CPU.Build.0 = Debug|Any CPU
		{07389989-F663-46A4-9BC7-62F11FF38182}.Release|Any CPU.ActiveCfg = Release|Any CPU
		{07389989-F663-46A4-9BC7-62F11FF38182}.Release|Any CPU.Build.0 = Release|Any CPU
	EndGlobalSection
	GlobalSection(SolutionProperties) = preSolution
		HideSolutionNode = FALSE
	EndGlobalSection
	GlobalSection(ExtensibilityGlobals) = postSolution
		SolutionGuid = {CF2C37D7-2448-40E3-96F3-BF55DFDA2DA0}
	EndGlobalSection
EndGlobal
